Microsoft Visual Studio Solution File, Format Version 11.00
# Visual Studio 2017

Project("{8BC9CEB8-8B4A-11D0-8D11-00A0C91BC942}") = "ThreadCutter - VST", "ThreadCutter_VST.vcxproj", "{E5C2B574-6776-2841-23CD-0534591BB6BB}"
	ProjectSection(ProjectDependencies) = postProject
		{24BED070-6C89-5483-87F1-C90C8884CDB1} = {24BED070-6C89-5483-87F1-C90C8884CDB1}
	EndProjectSection
EndProject
Project("{8BC9CEB8-8B4A-11D0-8D11-00A0C91BC942}") = "ThreadCutter - VST3", "ThreadCutter_VST3.vcxproj", "{BDD8E6DB-7D3F-9DC2-41FF-D6E6A3E9716B}"
	ProjectSection(ProjectDependencies) = postProject
		{24BED070-6C89-5483-87F1-C90C8884CDB1} = {24BED070-6C89-5483-87F1-C90C8884CDB1}
	EndProjectSection
EndProject
Project("{8BC9CEB8-8B4A-11D0-8D11-00A0C91BC942}") = "ThreadCutter - Shared Code", "ThreadCutter_SharedCode.vcxproj", "{24BED070-6C89-5483-87F1-C90C8884CDB1}"
EndProject
Global
	GlobalSection(SolutionConfigurationPlatforms) = preSolution
		Debug|x64 = Debug|x64
		Release|x64 = Release|x64
	EndGlobalSection
	GlobalSection(ProjectConfigurationPlatforms) = postSolution
		{E5C2B574-6776-2841-23CD-0534591BB6BB}.Debug|x64.ActiveCfg = Debug|x64
		{E5C2B574-6776-2841-23CD-0534591BB6BB}.Debug|x64.Build.0 = Debug|x64
		{E5C2B574-6776-2841-23CD-0534591BB6BB}.Release|x64.ActiveCfg = Release|x64
		{E5C2B574-6776-2841-23CD-0534591BB6BB}.Release|x64.Build.0 = Release|x64
		{BDD8E6DB-7D3F-9DC2-41FF-D6E6A3E9716B}.Debug|x64.ActiveCfg = Debug|x64
		{BDD8E6DB-7D3F-9DC2-41FF-D6E6A3E9716B}.Debug|x64.Build.0 = Debug|x64
		{BDD8E6DB-7D3F-9DC2-41FF-D6E6A3E9716B}.Release|x64.ActiveCfg = Release|x64
		{BDD8E6DB-7D3F-9DC2-41FF-D6E6A3E9716B}.Release|x64.Build.0 = Release|x64
		{24BED070-6C89-5483-87F1-C90C8884CDB1}.Debug|x64.ActiveCfg = Debug|x64
		{24BED070-6C89-5483-87F1-C90C8884CDB1}.Debug|x64.Build.0 = Debug|x64
		{24BED070-6C89-5483-87F1-C90C8884CDB1}.Release|x64.ActiveCfg = Release|x64
		{24BED070-6C89-5483-87F1-C90C8884CDB1}.Release|x64.Build.0 = Release|x64
	EndGlobalSection
	GlobalSection(SolutionProperties) = preSolution
		HideSolutionNode = FALSE
	EndGlobalSection
EndGlobal
